
Microsoft Visual Studio Solution File, Format Version 11.00
# Visual Studio 2010
Project("{FAE04EC0-301F-11D3-BF4B-00C04F79EFBC}") = "Assembly-CSharp", "Assembly-CSharp.csproj", "{659CA825-FBAE-2286-EAC1-0043CDD681E4}"
EndProject
Project("{FAE04EC0-301F-11D3-BF4B-00C04F79EFBC}") = "Assembly-CSharp-Editor", "Assembly-CSharp-Editor.csproj", "{36D0BFC1-8E7B-ACC5-C64C-E1BDA63E3D79}"
EndProject
Global
	GlobalSection(SolutionConfigurationPlatforms) = preSolution
		Debug|Any CPU = Debug|Any CPU
		Release|Any CPU = Release|Any CPU
	EndGlobalSection
	GlobalSection(ProjectConfigurationPlatforms) = postSolution
		{659CA825-FBAE-2286-EAC1-0043CDD681E4}.Debug|Any CPU.ActiveCfg = Debug|Any CPU
		{659CA825-FBAE-2286-EAC1-0043CDD681E4}.Debug|Any CPU.Build.0 = Debug|Any CPU
		{659CA825-FBAE-2286-EAC1-0043CDD681E4}.Release|Any CPU.ActiveCfg = Release|Any CPU
		{659CA825-FBAE-2286-EAC1-0043CDD681E4}.Release|Any CPU.Build.0 = Release|Any CPU
		{36D0BFC1-8E7B-ACC5-C64C-E1BDA63E3D79}.Debug|Any CPU.ActiveCfg = Debug|Any CPU
		{36D0BFC1-8E7B-ACC5-C64C-E1BDA63E3D79}.Debug|Any CPU.Build.0 = Debug|Any CPU
		{36D0BFC1-8E7B-ACC5-C64C-E1BDA63E3D79}.Release|Any CPU.ActiveCfg = Release|Any CPU
		{36D0BFC1-8E7B-ACC5-C64C-E1BDA63E3D79}.Release|Any CPU.Build.0 = Release|Any CPU
	EndGlobalSection
	GlobalSection(SolutionProperties) = preSolution
		HideSolutionNode = FALSE
	EndGlobalSection
	GlobalSection(MonoDevelopProperties) = preSolution
		StartupItem = Assembly-CSharp.csproj
	EndGlobalSection
EndGlobal
